// !$*UTF8*$!
{
	archiveVersion = 1;
	classes = {
	};
	objectVersion = 46;
	objects = {

/* Begin PBXBuildFile section */
		32C9ED4A9DF13D1B00E72DA3 /* Pods_YLCycleViewDemo.framework in Frameworks */ = {isa = PBXBuildFile; fileRef = 33E11EE562A42772DF330A98 /* Pods_YLCycleViewDemo.framework */; };
		461D2FE91DCACA67007116C4 /* 效果.gif in Resources */ = {isa = PBXBuildFile; fileRef = 461D2FE81DCACA67007116C4 /* 效果.gif */; };
		46451A001DD561E600CD302D /* YLMenuView.swift in Sources */ = {isa = PBXBuildFile; fileRef = 464519FA1DD561E600CD302D /* YLMenuView.swift */; };
		46451A011DD561E600CD302D /* YLMenuView.xib in Resources */ = {isa = PBXBuildFile; fileRef = 464519FB1DD561E600CD302D /* YLMenuView.xib */; };
		46451A021DD561E600CD302D /* YLMenuViewCell.swift in Sources */ = {isa = PBXBuildFile; fileRef = 464519FC1DD561E600CD302D /* YLMenuViewCell.swift */; };
		46451A031DD561E600CD302D /* YLMenuViewCell.xib in Resources */ = {isa = PBXBuildFile; fileRef = 464519FD1DD561E600CD302D /* YLMenuViewCell.xib */; };
		46451A041DD561E600CD302D /* YLMenuViewSubCell.swift in Sources */ = {isa = PBXBuildFile; fileRef = 464519FE1DD561E600CD302D /* YLMenuViewSubCell.swift */; };
		46451A051DD561E600CD302D /* YLMenuViewSubCell.xib in Resources */ = {isa = PBXBuildFile; fileRef = 464519FF1DD561E600CD302D /* YLMenuViewSubCell.xib */; };
		46451A071DD561F100CD302D /* MenuView.gif in Resources */ = {isa = PBXBuildFile; fileRef = 46451A061DD561F100CD302D /* MenuView.gif */; };
		4659E78A1DC89DDB004B66EF /* AppDelegate.swift in Sources */ = {isa = PBXBuildFile; fileRef = 4659E7891DC89DDB004B66EF /* AppDelegate.swift */; };
		4659E78C1DC89DDB004B66EF /* ViewController.swift in Sources */ = {isa = PBXBuildFile; fileRef = 4659E78B1DC89DDB004B66EF /* ViewController.swift */; };
		4659E78F1DC89DDB004B66EF /* Main.storyboard in Resources */ = {isa = PBXBuildFile; fileRef = 4659E78D1DC89DDB004B66EF /* Main.storyboard */; };
		4659E7911DC89DDB004B66EF /* Assets.xcassets in Resources */ = {isa = PBXBuildFile; fileRef = 4659E7901DC89DDB004B66EF /* Assets.xcassets */; };
		4659E7941DC89DDB004B66EF /* LaunchScreen.storyboard in Resources */ = {isa = PBXBuildFile; fileRef = 4659E7921DC89DDB004B66EF /* LaunchScreen.storyboard */; };
		4659E7A11DC89E00004B66EF /* 1.png in Resources */ = {isa = PBXBuildFile; fileRef = 4659E79D1DC89E00004B66EF /* 1.png */; };
		4659E7A21DC89E00004B66EF /* 2.png in Resources */ = {isa = PBXBuildFile; fileRef = 4659E79E1DC89E00004B66EF /* 2.png */; };
		4659E7A31DC89E00004B66EF /* 3.png in Resources */ = {isa = PBXBuildFile; fileRef = 4659E79F1DC89E00004B66EF /* 3.png */; };
		4659E7A41DC89E00004B66EF /* 4.png in Resources */ = {isa = PBXBuildFile; fileRef = 4659E7A01DC89E00004B66EF /* 4.png */; };
		4659E7A81DC89E26004B66EF /* YLCycleCell.swift in Sources */ = {isa = PBXBuildFile; fileRef = 4659E7A61DC89E26004B66EF /* YLCycleCell.swift */; };
		4659E7A91DC89E26004B66EF /* YLCycleView.swift in Sources */ = {isa = PBXBuildFile; fileRef = 4659E7A71DC89E26004B66EF /* YLCycleView.swift */; };
		46B58B8B1DCC3D0000EE3080 /* singer1.gif in Resources */ = {isa = PBXBuildFile; fileRef = 46B58B881DCC3D0000EE3080 /* singer1.gif */; };
		46B58B8C1DCC3D0000EE3080 /* singer2.gif in Resources */ = {isa = PBXBuildFile; fileRef = 46B58B891DCC3D0000EE3080 /* singer2.gif */; };
		46B58B8D1DCC3D0000EE3080 /* up.gif in Resources */ = {isa = PBXBuildFile; fileRef = 46B58B8A1DCC3D0000EE3080 /* up.gif */; };
		46B58B8F1DCC3D0900EE3080 /* YLSinglerowView.swift in Sources */ = {isa = PBXBuildFile; fileRef = 46B58B8E1DCC3D0900EE3080 /* YLSinglerowView.swift */; };
		46B58B911DCC3D2100EE3080 /* ScondViewController.swift in Sources */ = {isa = PBXBuildFile; fileRef = 46B58B901DCC3D2100EE3080 /* ScondViewController.swift */; };
/* End PBXBuildFile section */

/* Begin PBXFileReference section */
		274AF85EFDE6442DDE306756 /* Pods-YLCycleViewDemo.debug.xcconfig */ = {isa = PBXFileReference; includeInIndex = 1; lastKnownFileType = text.xcconfig; name = "Pods-YLCycleViewDemo.debug.xcconfig"; path = "Pods/Target Support Files/Pods-YLCycleViewDemo/Pods-YLCycleViewDemo.debug.xcconfig"; sourceTree = "<group>"; };
		33E11EE562A42772DF330A98 /* Pods_YLCycleViewDemo.framework */ = {isa = PBXFileReference; explicitFileType = wrapper.framework; includeInIndex = 0; path = Pods_YLCycleViewDemo.framework; sourceTree = BUILT_PRODUCTS_DIR; };
		461D2FE81DCACA67007116C4 /* 效果.gif */ = {isa = PBXFileReference; lastKnownFileType = image.gif; path = "效果.gif"; sourceTree = "<group>"; };
		464519FA1DD561E600CD302D /* YLMenuView.swift */ = {isa = PBXFileReference; fileEncoding = 4; lastKnownFileType = sourcecode.swift; path = YLMenuView.swift; sourceTree = "<group>"; };
		464519FB1DD561E600CD302D /* YLMenuView.xib */ = {isa = PBXFileReference; fileEncoding = 4; lastKnownFileType = file.xib; path = YLMenuView.xib; sourceTree = "<group>"; };
		464519FC1DD561E600CD302D /* YLMenuViewCell.swift */ = {isa = PBXFileReference; fileEncoding = 4; lastKnownFileType = sourcecode.swift; path = YLMenuViewCell.swift; sourceTree = "<group>"; };
		464519FD1DD561E600CD302D /* YLMenuViewCell.xib */ = {isa = PBXFileReference; fileEncoding = 4; lastKnownFileType = file.xib; path = YLMenuViewCell.xib; sourceTree = "<group>"; };
		464519FE1DD561E600CD302D /* YLMenuViewSubCell.swift */ = {isa = PBXFileReference; fileEncoding = 4; lastKnownFileType = sourcecode.swift; path = YLMenuViewSubCell.swift; sourceTree = "<group>"; };
		464519FF1DD561E600CD302D /* YLMenuViewSubCell.xib */ = {isa = PBXFileReference; fileEncoding = 4; lastKnownFileType = file.xib; path = YLMenuViewSubCell.xib; sourceTree = "<group>"; };
		46451A061DD561F100CD302D /* MenuView.gif */ = {isa = PBXFileReference; lastKnownFileType = image.gif; path = MenuView.gif; sourceTree = "<group>"; };
		4659E7861DC89DDB004B66EF /* YLCycleViewDemo.app */ = {isa = PBXFileReference; explicitFileType = wrapper.application; includeInIndex = 0; path = YLCycleViewDemo.app; sourceTree = BUILT_PRODUCTS_DIR; };
		4659E7891DC89DDB004B66EF /* AppDelegate.swift */ = {isa = PBXFileReference; lastKnownFileType = sourcecode.swift; path = AppDelegate.swift; sourceTree = "<group>"; };
		4659E78B1DC89DDB004B66EF /* ViewController.swift */ = {isa = PBXFileReference; lastKnownFileType = sourcecode.swift; path = ViewController.swift; sourceTree = "<group>"; };
		4659E78E1DC89DDB004B66EF /* Base */ = {isa = PBXFileReference; lastKnownFileType = file.storyboard; name = Base; path = Base.lproj/Main.storyboard; sourceTree = "<group>"; };
		4659E7901DC89DDB004B66EF /* Assets.xcassets */ = {isa = PBXFileReference; lastKnownFileType = folder.assetcatalog; path = Assets.xcassets; sourceTree = "<group>"; };
		4659E7931DC89DDB004B66EF /* Base */ = {isa = PBXFileReference; lastKnownFileType = file.storyboard; name = Base; path = Base.lproj/LaunchScreen.storyboard; sourceTree = "<group>"; };
		4659E7951DC89DDB004B66EF /* Info.plist */ = {isa = PBXFileReference; lastKnownFileType = text.plist.xml; path = Info.plist; sourceTree = "<group>"; };
		4659E79D1DC89E00004B66EF /* 1.png */ = {isa = PBXFileReference; lastKnownFileType = image.png; path = 1.png; sourceTree = "<group>"; };
		4659E79E1DC89E00004B66EF /* 2.png */ = {isa = PBXFileReference; lastKnownFileType = image.png; path = 2.png; sourceTree = "<group>"; };
		4659E79F1DC89E00004B66EF /* 3.png */ = {isa = PBXFileReference; lastKnownFileType = image.png; path = 3.png; sourceTree = "<group>"; };
		4659E7A01DC89E00004B66EF /* 4.png */ = {isa = PBXFileReference; lastKnownFileType = image.png; path = 4.png; sourceTree = "<group>"; };
		4659E7A61DC89E26004B66EF /* YLCycleCell.swift */ = {isa = PBXFileReference; fileEncoding = 4; lastKnownFileType = sourcecode.swift; path = YLCycleCell.swift; sourceTree = "<group>"; };
		4659E7A71DC89E26004B66EF /* YLCycleView.swift */ = {isa = PBXFileReference; fileEncoding = 4; lastKnownFileType = sourcecode.swift; path = YLCycleView.swift; sourceTree = "<group>"; };
		46B58B881DCC3D0000EE3080 /* singer1.gif */ = {isa = PBXFileReference; lastKnownFileType = image.gif; path = singer1.gif; sourceTree = "<group>"; };
		46B58B891DCC3D0000EE3080 /* singer2.gif */ = {isa = PBXFileReference; lastKnownFileType = image.gif; path = singer2.gif; sourceTree = "<group>"; };
		46B58B8A1DCC3D0000EE3080 /* up.gif */ = {isa = PBXFileReference; lastKnownFileType = image.gif; path = up.gif; sourceTree = "<group>"; };
		46B58B8E1DCC3D0900EE3080 /* YLSinglerowView.swift */ = {isa = PBXFileReference; fileEncoding = 4; lastKnownFileType = sourcecode.swift; path = YLSinglerowView.swift; sourceTree = "<group>"; };
		46B58B901DCC3D2100EE3080 /* ScondViewController.swift */ = {isa = PBXFileReference; fileEncoding = 4; lastKnownFileType = sourcecode.swift; path = ScondViewController.swift; sourceTree = "<group>"; };
		BFE26403276CAC017579FE68 /* Pods-YLCycleViewDemo.release.xcconfig */ = {isa = PBXFileReference; includeInIndex = 1; lastKnownFileType = text.xcconfig; name = "Pods-YLCycleViewDemo.release.xcconfig"; path = "Pods/Target Support Files/Pods-YLCycleViewDemo/Pods-YLCycleViewDemo.release.xcconfig"; sourceTree = "<group>"; };
/* End PBXFileReference section */

/* Begin PBXFrameworksBuildPhase section */
		4659E7831DC89DDB004B66EF /* Frameworks */ = {
			isa = PBXFrameworksBuildPhase;
			buildActionMask = 2147483647;
			files = (
				32C9ED4A9DF13D1B00E72DA3 /* Pods_YLCycleViewDemo.framework in Frameworks */,
			);
			runOnlyForDeploymentPostprocessing = 0;
		};
/* End PBXFrameworksBuildPhase section */

/* Begin PBXGroup section */
		464519F91DD561E600CD302D /* YLMenuView */ = {
			isa = PBXGroup;
			children = (
				464519FA1DD561E600CD302D /* YLMenuView.swift */,
				464519FB1DD561E600CD302D /* YLMenuView.xib */,
				464519FC1DD561E600CD302D /* YLMenuViewCell.swift */,
				464519FD1DD561E600CD302D /* YLMenuViewCell.xib */,
				464519FE1DD561E600CD302D /* YLMenuViewSubCell.swift */,
				464519FF1DD561E600CD302D /* YLMenuViewSubCell.xib */,
			);
			path = YLMenuView;
			sourceTree = "<group>";
		};
		4659E77D1DC89DDB004B66EF = {
			isa = PBXGroup;
			children = (
				4659E7881DC89DDB004B66EF /* YLCycleViewDemo */,
				4659E7871DC89DDB004B66EF /* Products */,
				C97E728CE391DA773EC82AD2 /* Pods */,
				FC4482324288AC8AE99B8A32 /* Frameworks */,
			);
			sourceTree = "<group>";
		};
		4659E7871DC89DDB004B66EF /* Products */ = {
			isa = PBXGroup;
			children = (
				4659E7861DC89DDB004B66EF /* YLCycleViewDemo.app */,
			);
			name = Products;
			sourceTree = "<group>";
		};
		4659E7881DC89DDB004B66EF /* YLCycleViewDemo */ = {
			isa = PBXGroup;
			children = (
				4659E7891DC89DDB004B66EF /* AppDelegate.swift */,
				4659E78B1DC89DDB004B66EF /* ViewController.swift */,
				46B58B901DCC3D2100EE3080 /* ScondViewController.swift */,
				4659E7A51DC89E26004B66EF /* YLCycleView */,
				4659E78D1DC89DDB004B66EF /* Main.storyboard */,
				46451A061DD561F100CD302D /* MenuView.gif */,
				4659E79D1DC89E00004B66EF /* 1.png */,
				4659E79E1DC89E00004B66EF /* 2.png */,
				4659E79F1DC89E00004B66EF /* 3.png */,
				4659E7A01DC89E00004B66EF /* 4.png */,
				46B58B881DCC3D0000EE3080 /* singer1.gif */,
				46B58B891DCC3D0000EE3080 /* singer2.gif */,
				46B58B8A1DCC3D0000EE3080 /* up.gif */,
				461D2FE81DCACA67007116C4 /* 效果.gif */,
				4659E7901DC89DDB004B66EF /* Assets.xcassets */,
				4659E7921DC89DDB004B66EF /* LaunchScreen.storyboard */,
				4659E7951DC89DDB004B66EF /* Info.plist */,
			);
			path = YLCycleViewDemo;
			sourceTree = "<group>";
		};
		4659E7A51DC89E26004B66EF /* YLCycleView */ = {
			isa = PBXGroup;
			children = (
				464519F91DD561E600CD302D /* YLMenuView */,
				4659E7A61DC89E26004B66EF /* YLCycleCell.swift */,
				4659E7A71DC89E26004B66EF /* YLCycleView.swift */,
				46B58B8E1DCC3D0900EE3080 /* YLSinglerowView.swift */,
			);
			path = YLCycleView;
			sourceTree = "<group>";
		};
		C97E728CE391DA773EC82AD2 /* Pods */ = {
			isa = PBXGroup;
			children = (
				274AF85EFDE6442DDE306756 /* Pods-YLCycleViewDemo.debug.xcconfig */,
				BFE26403276CAC017579FE68 /* Pods-YLCycleViewDemo.release.xcconfig */,
			);
			name = Pods;
			sourceTree = "<group>";
		};
		FC4482324288AC8AE99B8A32 /* Frameworks */ = {
			isa = PBXGroup;
			children = (
				33E11EE562A42772DF330A98 /* Pods_YLCycleViewDemo.framework */,
			);
			name = Frameworks;
			sourceTree = "<group>";
		};
/* End PBXGroup section */

/* Begin PBXNativeTarget section */
		4659E7851DC89DDB004B66EF /* YLCycleViewDemo */ = {
			isa = PBXNativeTarget;
			buildConfigurationList = 4659E7981DC89DDB004B66EF /* Build configuration list for PBXNativeTarget "YLCycleViewDemo" */;
			buildPhases = (
				B43CB0F615A6A92F05C09928 /* [CP] Check Pods Manifest.lock */,
				4659E7821DC89DDB004B66EF /* Sources */,
				4659E7831DC89DDB004B66EF /* Frameworks */,
				4659E7841DC89DDB004B66EF /* Resources */,
				C72B13AA5D1C8BC05603FDC9 /* [CP] Embed Pods Frameworks */,
				510CDADFEDC5A6B419DF55E4 /* [CP] Copy Pods Resources */,
			);
			buildRules = (
			);
			dependencies = (
			);
			name = YLCycleViewDemo;
			productName = YLCycleViewDemo;
			productReference = 4659E7861DC89DDB004B66EF /* YLCycleViewDemo.app */;
			productType = "com.apple.product-type.application";
		};
/* End PBXNativeTarget section */

/* Begin PBXProject section */
		4659E77E1DC89DDB004B66EF /* Project object */ = {
			isa = PBXProject;
			attributes = {
				LastSwiftUpdateCheck = 0810;
				LastUpgradeCheck = 0810;
				ORGANIZATIONNAME = "Yulu Zhang";
				TargetAttributes = {
					4659E7851DC89DDB004B66EF = {
						CreatedOnToolsVersion = 8.1;
						DevelopmentTeam = EFQPYM2JJ7;
						LastSwiftMigration = 0810;
						ProvisioningStyle = Automatic;
					};
				};
			};
			buildConfigurationList = 4659E7811DC89DDB004B66EF /* Build configuration list for PBXProject "YLCycleViewDemo" */;
			compatibilityVersion = "Xcode 3.2";
			developmentRegion = English;
			hasScannedForEncodings = 0;
			knownRegions = (
				en,
				Base,
			);
			mainGroup = 4659E77D1DC89DDB004B66EF;
			productRefGroup = 4659E7871DC89DDB004B66EF /* Products */;
			projectDirPath = "";
			projectRoot = "";
			targets = (
				4659E7851DC89DDB004B66EF /* YLCycleViewDemo */,
			);
		};
/* End PBXProject section */

/* Begin PBXResourcesBuildPhase section */
		4659E7841DC89DDB004B66EF /* Resources */ = {
			isa = PBXResourcesBuildPhase;
			buildActionMask = 2147483647;
			files = (
				4659E7A21DC89E00004B66EF /* 2.png in Resources */,
				4659E7941DC89DDB004B66EF /* LaunchScreen.storyboard in Resources */,
				4659E7911DC89DDB004B66EF /* Assets.xcassets in Resources */,
				46451A031DD561E600CD302D /* YLMenuViewCell.xib in Resources */,
				46B58B8C1DCC3D0000EE3080 /* singer2.gif in Resources */,
				46451A011DD561E600CD302D /* YLMenuView.xib in Resources */,
				46B58B8B1DCC3D0000EE3080 /* singer1.gif in Resources */,
				46451A051DD561E600CD302D /* YLMenuViewSubCell.xib in Resources */,
				4659E78F1DC89DDB004B66EF /* Main.storyboard in Resources */,
				4659E7A41DC89E00004B66EF /* 4.png in Resources */,
				46B58B8D1DCC3D0000EE3080 /* up.gif in Resources */,
				4659E7A31DC89E00004B66EF /* 3.png in Resources */,
				461D2FE91DCACA67007116C4 /* 效果.gif in Resources */,
				4659E7A11DC89E00004B66EF /* 1.png in Resources */,
				46451A071DD561F100CD302D /* MenuView.gif in Resources */,
			);
			runOnlyForDeploymentPostprocessing = 0;
		};
/* End PBXResourcesBuildPhase section */

/* Begin PBXShellScriptBuildPhase section */
		510CDADFEDC5A6B419DF55E4 /* [CP] Copy Pods Resources */ = {
			isa = PBXShellScriptBuildPhase;
			buildActionMask = 2147483647;
			files = (
			);
			inputPaths = (
			);
			name = "[CP] Copy Pods Resources";
			outputPaths = (
			);
			runOnlyForDeploymentPostprocessing = 0;
			shellPath = /bin/sh;
			shellScript = "\"${SRCROOT}/Pods/Target Support Files/Pods-YLCycleViewDemo/Pods-YLCycleViewDemo-resources.sh\"\n";
			showEnvVarsInLog = 0;
		};
		B43CB0F615A6A92F05C09928 /* [CP] Check Pods Manifest.lock */ = {
			isa = PBXShellScriptBuildPhase;
			buildActionMask = 2147483647;
			files = (
			);
			inputPaths = (
			);
			name = "[CP] Check Pods Manifest.lock";
			outputPaths = (
			);
			runOnlyForDeploymentPostprocessing = 0;
			shellPath = /bin/sh;
			shellScript = "diff \"${PODS_PODFILE_DIR_PATH}/Podfile.lock\" \"${PODS_ROOT}/Manifest.lock\" > /dev/null\nif [ $? != 0 ] ; then\n    # print error to STDERR\n    echo \"error: The sandbox is not in sync with the Podfile.lock. Run 'pod install' or update your CocoaPods installation.\" >&2\n    exit 1\nfi\n";
			showEnvVarsInLog = 0;
		};
		C72B13AA5D1C8BC05603FDC9 /* [CP] Embed Pods Frameworks */ = {
			isa = PBXShellScriptBuildPhase;
			buildActionMask = 2147483647;
			files = (
			);
			inputPaths = (
			);
			name = "[CP] Embed Pods Frameworks";
			outputPaths = (
			);
			runOnlyForDeploymentPostprocessing = 0;
			shellPath = /bin/sh;
			shellScript = "\"${SRCROOT}/Pods/Target Support Files/Pods-YLCycleViewDemo/Pods-YLCycleViewDemo-frameworks.sh\"\n";
			showEnvVarsInLog = 0;
		};
/* End PBXShellScriptBuildPhase section */

/* Begin PBXSourcesBuildPhase section */
		4659E7821DC89DDB004B66EF /* Sources */ = {
			isa = PBXSourcesBuildPhase;
			buildActionMask = 2147483647;
			files = (
				46451A041DD561E600CD302D /* YLMenuViewSubCell.swift in Sources */,
				46B58B911DCC3D2100EE3080 /* ScondViewController.swift in Sources */,
				46451A001DD561E600CD302D /* YLMenuView.swift in Sources */,
				4659E7A91DC89E26004B66EF /* YLCycleView.swift in Sources */,
				46B58B8F1DCC3D0900EE3080 /* YLSinglerowView.swift in Sources */,
				46451A021DD561E600CD302D /* YLMenuViewCell.swift in Sources */,
				4659E7A81DC89E26004B66EF /* YLCycleCell.swift in Sources */,
				4659E78C1DC89DDB004B66EF /* ViewController.swift in Sources */,
				4659E78A1DC89DDB004B66EF /* AppDelegate.swift in Sources */,
			);
			runOnlyForDeploymentPostprocessing = 0;
		};
/* End PBXSourcesBuildPhase section */

/* Begin PBXVariantGroup section */
		4659E78D1DC89DDB004B66EF /* Main.storyboard */ = {
			isa = PBXVariantGroup;
			children = (
				4659E78E1DC89DDB004B66EF /* Base */,
			);
			name = Main.storyboard;
			sourceTree = "<group>";
		};
		4659E7921DC89DDB004B66EF /* LaunchScreen.storyboard */ = {
			isa = PBXVariantGroup;
			children = (
				4659E7931DC89DDB004B66EF /* Base */,
			);
			name = LaunchScreen.storyboard;
			sourceTree = "<group>";
		};
/* End PBXVariantGroup section */

/* Begin XCBuildConfiguration section */
		4659E7961DC89DDB004B66EF /* Debug */ = {
			isa = XCBuildConfiguration;
			buildSettings = {
				ALWAYS_SEARCH_USER_PATHS = NO;
				CLANG_ANALYZER_NONNULL = YES;
				CLANG_CXX_LANGUAGE_STANDARD = "gnu++0x";
				CLANG_CXX_LIBRARY = "libc++";
				CLANG_ENABLE_MODULES = YES;
				CLANG_ENABLE_OBJC_ARC = YES;
				CLANG_WARN_BOOL_CONVERSION = YES;
				CLANG_WARN_CONSTANT_CONVERSION = YES;
				CLANG_WARN_DIRECT_OBJC_ISA_USAGE = YES_ERROR;
				CLANG_WARN_DOCUMENTATION_COMMENTS = YES;
				CLANG_WARN_EMPTY_BODY = YES;
				CLANG_WARN_ENUM_CONVERSION = YES;
				CLANG_WARN_INFINITE_RECURSION = YES;
				CLANG_WARN_INT_CONVERSION = YES;
				CLANG_WARN_OBJC_ROOT_CLASS = YES_ERROR;
				CLANG_WARN_SUSPICIOUS_MOVES = YES;
				CLANG_WARN_UNREACHABLE_CODE = YES;
				CLANG_WARN__DUPLICATE_METHOD_MATCH = YES;
				"CODE_SIGN_IDENTITY[sdk=iphoneos*]" = "iPhone Developer";
				COPY_PHASE_STRIP = NO;
				DEBUG_INFORMATION_FORMAT = dwarf;
				ENABLE_STRICT_OBJC_MSGSEND = YES;
				ENABLE_TESTABILITY = YES;
				GCC_C_LANGUAGE_STANDARD = gnu99;
				GCC_DYNAMIC_NO_PIC = NO;
				GCC_NO_COMMON_BLOCKS = YES;
				GCC_OPTIMIZATION_LEVEL = 0;
				GCC_PREPROCESSOR_DEFINITIONS = (
					"DEBUG=1",
					"$(inherited)",
				);
				GCC_WARN_64_TO_32_BIT_CONVERSION = YES;
				GCC_WARN_ABOUT_RETURN_TYPE = YES_ERROR;
				GCC_WARN_UNDECLARED_SELECTOR = YES;
				GCC_WARN_UNINITIALIZED_AUTOS = YES_AGGRESSIVE;
				GCC_WARN_UNUSED_FUNCTION = YES;
				GCC_WARN_UNUSED_VARIABLE = YES;
				IPHONEOS_DEPLOYMENT_TARGET = 10.1;
				MTL_ENABLE_DEBUG_INFO = YES;
				ONLY_ACTIVE_ARCH = YES;
				SDKROOT = iphoneos;
				SWIFT_ACTIVE_COMPILATION_CONDITIONS = DEBUG;
				SWIFT_OPTIMIZATION_LEVEL = "-Onone";
				TARGETED_DEVICE_FAMILY = "1,2";
			};
			name = Debug;
		};
		4659E7971DC89DDB004B66EF /* Release */ = {
			isa = XCBuildConfiguration;
			buildSettings = {
				ALWAYS_SEARCH_USER_PATHS = NO;
				CLANG_ANALYZER_NONNULL = YES;
				CLANG_CXX_LANGUAGE_STANDARD = "gnu++0x";
				CLANG_CXX_LIBRARY = "libc++";
				CLANG_ENABLE_MODULES = YES;
				CLANG_ENABLE_OBJC_ARC = YES;
				CLANG_WARN_BOOL_CONVERSION = YES;
				CLANG_WARN_CONSTANT_CONVERSION = YES;
				CLANG_WARN_DIRECT_OBJC_ISA_USAGE = YES_ERROR;
				CLANG_WARN_DOCUMENTATION_COMMENTS = YES;
				CLANG_WARN_EMPTY_BODY = YES;
				CLANG_WARN_ENUM_CONVERSION = YES;
				CLANG_WARN_INFINITE_RECURSION = YES;
				CLANG_WARN_INT_CONVERSION = YES;
				CLANG_WARN_OBJC_ROOT_CLASS = YES_ERROR;
				CLANG_WARN_SUSPICIOUS_MOVES = YES;
				CLANG_WARN_UNREACHABLE_CODE = YES;
				CLANG_WARN__DUPLICATE_METHOD_MATCH = YES;
				"CODE_SIGN_IDENTITY[sdk=iphoneos*]" = "iPhone Developer";
				COPY_PHASE_STRIP = NO;
				DEBUG_INFORMATION_FORMAT = "dwarf-with-dsym";
				ENABLE_NS_ASSERTIONS = NO;
				ENABLE_STRICT_OBJC_MSGSEND = YES;
				GCC_C_LANGUAGE_STANDARD = gnu99;
				GCC_NO_COMMON_BLOCKS = YES;
				GCC_WARN_64_TO_32_BIT_CONVERSION = YES;
				GCC_WARN_ABOUT_RETURN_TYPE = YES_ERROR;
				GCC_WARN_UNDECLARED_SELECTOR = YES;
				GCC_WARN_UNINITIALIZED_AUTOS = YES_AGGRESSIVE;
				GCC_WARN_UNUSED_FUNCTION = YES;
				GCC_WARN_UNUSED_VARIABLE = YES;
				IPHONEOS_DEPLOYMENT_TARGET = 10.1;
				MTL_ENABLE_DEBUG_INFO = NO;
				SDKROOT = iphoneos;
				SWIFT_OPTIMIZATION_LEVEL = "-Owholemodule";
				TARGETED_DEVICE_FAMILY = "1,2";
				VALIDATE_PRODUCT = YES;
			};
			name = Release;
		};
		4659E7991DC89DDB004B66EF /* Debug */ = {
			isa = XCBuildConfiguration;
			baseConfigurationReference = 274AF85EFDE6442DDE306756 /* Pods-YLCycleViewDemo.debug.xcconfig */;
			buildSettings = {
				ASSETCATALOG_COMPILER_APPICON_NAME = AppIcon;
				DEVELOPMENT_TEAM = EFQPYM2JJ7;
				INFOPLIST_FILE = YLCycleViewDemo/Info.plist;
				IPHONEOS_DEPLOYMENT_TARGET = 8.0;
				LD_RUNPATH_SEARCH_PATHS = "$(inherited) @executable_path/Frameworks";
				PRODUCT_BUNDLE_IDENTIFIER = "Yulu-Zhang.YLCycleViewDemo";
				PRODUCT_NAME = "$(TARGET_NAME)";
				SWIFT_VERSION = 3.0;
			};
			name = Debug;
		};
		4659E79A1DC89DDB004B66EF /* Release */ = {
			isa = XCBuildConfiguration;
			baseConfigurationReference = BFE26403276CAC017579FE68 /* Pods-YLCycleViewDemo.release.xcconfig */;
			buildSettings = {
				ASSETCATALOG_COMPILER_APPICON_NAME = AppIcon;
				DEVELOPMENT_TEAM = EFQPYM2JJ7;
				INFOPLIST_FILE = YLCycleViewDemo/Info.plist;
				IPHONEOS_DEPLOYMENT_TARGET = 8.0;
				LD_RUNPATH_SEARCH_PATHS = "$(inherited) @executable_path/Frameworks";
				PRODUCT_BUNDLE_IDENTIFIER = "Yulu-Zhang.YLCycleViewDemo";
				PRODUCT_NAME = "$(TARGET_NAME)";
				SWIFT_VERSION = 3.0;
			};
			name = Release;
		};
/* End XCBuildConfiguration section */

/* Begin XCConfigurationList section */
		4659E7811DC89DDB004B66EF /* Build configuration list for PBXProject "YLCycleViewDemo" */ = {
			isa = XCConfigurationList;
			buildConfigurations = (
				4659E7961DC89DDB004B66EF /* Debug */,
				4659E7971DC89DDB004B66EF /* Release */,
			);
			defaultConfigurationIsVisible = 0;
			defaultConfigurationName = Release;
		};
		4659E7981DC89DDB004B66EF /* Build configuration list for PBXNativeTarget "YLCycleViewDemo" */ = {
			isa = XCConfigurationList;
			buildConfigurations = (
				4659E7991DC89DDB004B66EF /* Debug */,
				4659E79A1DC89DDB004B66EF /* Release */,
			);
			defaultConfigurationIsVisible = 0;
			defaultConfigurationName = Release;
		};
/* End XCConfigurationList section */
	};
	rootObject = 4659E77E1DC89DDB004B66EF /* Project object */;
}
